
Microsoft Visual Studio Solution File, Format Version 11.00
# Visual Studio 2010
Project("{FAE04EC0-301F-11D3-BF4B-00C04F79EFBC}") = "DatabaseConnectivity", "DatabaseConnectivity\DatabaseConnectivity.csproj", "{57D666E7-154C-4C3A-A514-8F5248E3AFCA}"
EndProject
Project("{FAE04EC0-301F-11D3-BF4B-00C04F79EFBC}") = "MVCGoogleMap_Demo", "MVCGoogleMap_Demo\MVCGoogleMap_Demo.csproj", "{46FDBFA2-1079-440E-A151-E5E5DAFF86B2}"
EndProject
Global
	GlobalSection(SolutionConfigurationPlatforms) = preSolution
		Debug|Any CPU = Debug|Any CPU
		Debug|Mixed Platforms = Debug|Mixed Platforms
		Debug|x86 = Debug|x86
		Release|Any CPU = Release|Any CPU
		Release|Mixed Platforms = Release|Mixed Platforms
		Release|x86 = Release|x86
	EndGlobalSection
	GlobalSection(ProjectConfigurationPlatforms) = postSolution
		{57D666E7-154C-4C3A-A514-8F5248E3AFCA}.Debug|Any CPU.ActiveCfg = Debug|x86
		{57D666E7-154C-4C3A-A514-8F5248E3AFCA}.Debug|Mixed Platforms.ActiveCfg = Debug|x86
		{57D666E7-154C-4C3A-A514-8F5248E3AFCA}.Debug|Mixed Platforms.Build.0 = Debug|x86
		{57D666E7-154C-4C3A-A514-8F5248E3AFCA}.Debug|x86.ActiveCfg = Debug|x86
		{57D666E7-154C-4C3A-A514-8F5248E3AFCA}.Debug|x86.Build.0 = Debug|x86
		{57D666E7-154C-4C3A-A514-8F5248E3AFCA}.Release|Any CPU.ActiveCfg = Release|x86
		{57D666E7-154C-4C3A-A514-8F5248E3AFCA}.Release|Mixed Platforms.ActiveCfg = Release|x86
		{57D666E7-154C-4C3A-A514-8F5248E3AFCA}.Release|Mixed Platforms.Build.0 = Release|x86
		{57D666E7-154C-4C3A-A514-8F5248E3AFCA}.Release|x86.ActiveCfg = Release|x86
		{57D666E7-154C-4C3A-A514-8F5248E3AFCA}.Release|x86.Build.0 = Release|x86
		{46FDBFA2-1079-440E-A151-E5E5DAFF86B2}.Debug|Any CPU.ActiveCfg = Debug|Any CPU
		{46FDBFA2-1079-440E-A151-E5E5DAFF86B2}.Debug|Any CPU.Build.0 = Debug|Any CPU
		{46FDBFA2-1079-440E-A151-E5E5DAFF86B2}.Debug|Mixed Platforms.ActiveCfg = Debug|Any CPU
		{46FDBFA2-1079-440E-A151-E5E5DAFF86B2}.Debug|Mixed Platforms.Build.0 = Debug|Any CPU
		{46FDBFA2-1079-440E-A151-E5E5DAFF86B2}.Debug|x86.ActiveCfg = Debug|Any CPU
		{46FDBFA2-1079-440E-A151-E5E5DAFF86B2}.Release|Any CPU.ActiveCfg = Release|Any CPU
		{46FDBFA2-1079-440E-A151-E5E5DAFF86B2}.Release|Any CPU.Build.0 = Release|Any CPU
		{46FDBFA2-1079-440E-A151-E5E5DAFF86B2}.Release|Mixed Platforms.ActiveCfg = Release|Any CPU
		{46FDBFA2-1079-440E-A151-E5E5DAFF86B2}.Release|Mixed Platforms.Build.0 = Release|Any CPU
		{46FDBFA2-1079-440E-A151-E5E5DAFF86B2}.Release|x86.ActiveCfg = Release|Any CPU
	EndGlobalSection
	GlobalSection(SolutionProperties) = preSolution
		HideSolutionNode = FALSE
	EndGlobalSection
EndGlobal
